{
  "name": "ReplicateEmployee_SFtoCommissions",
  "lockfileVersion": 2,
  "requires": true,
  "packages": {
    "": {
      "dependencies": {
        "speech-to-text": "^2.9.1"
      }
    },
    "node_modules/speech-to-text": {
      "version": "2.9.1",
      "resolved": "https://registry.npmjs.org/speech-to-text/-/speech-to-text-2.9.1.tgz",
      "integrity": "sha512-hU+AEw4Aq8ixVu046vTMihkpXVNCpKzlUruOD+rcenoD8llEVqpOZq7rRo2vY2Tdyn88JuKcHjL1+pG9Rx7kgQ=="
    }
  },
  "dependencies": {
    "speech-to-text": {
      "version": "2.9.1",
      "resolved": "https://registry.npmjs.org/speech-to-text/-/speech-to-text-2.9.1.tgz",
      "integrity": "sha512-hU+AEw4Aq8ixVu046vTMihkpXVNCpKzlUruOD+rcenoD8llEVqpOZq7rRo2vY2Tdyn88JuKcHjL1+pG9Rx7kgQ=="
    }
  }
}
